
Microsoft Visual Studio Solution File, Format Version 12.00
# Visual Studio Version 17
VisualStudioVersion = 17.9.34607.119
MinimumVisualStudioVersion = 10.0.40219.1
Project("{FAE04EC0-301F-11D3-BF4B-00C04F79EFBC}") = "AdvanceCalculator", "AdvanceCalculator\AdvanceCalculator.csproj", "{E3F2C416-1B88-474C-B151-2B2CAB8613CB}"
EndProject
Global
	GlobalSection(SolutionConfigurationPlatforms) = preSolution
		Debug|Any CPU = Debug|Any CPU
		Release|Any CPU = Release|Any CPU
	EndGlobalSection
	GlobalSection(ProjectConfigurationPlatforms) = postSolution
		{E3F2C416-1B88-474C-B151-2B2CAB8613CB}.Debug|Any CPU.ActiveCfg = Debug|Any CPU
		{E3F2C416-1B88-474C-B151-2B2CAB8613CB}.Debug|Any CPU.Build.0 = Debug|Any CPU
		{E3F2C416-1B88-474C-B151-2B2CAB8613CB}.Release|Any CPU.ActiveCfg = Release|Any CPU
		{E3F2C416-1B88-474C-B151-2B2CAB8613CB}.Release|Any CPU.Build.0 = Release|Any CPU
	EndGlobalSection
	GlobalSection(SolutionProperties) = preSolution
		HideSolutionNode = FALSE
	EndGlobalSection
	GlobalSection(ExtensibilityGlobals) = postSolution
		SolutionGuid = {CEC6CC8B-7AFC-4E72-B83D-2DAA77DD0DA0}
	EndGlobalSection
EndGlobal
